
Microsoft Visual Studio Solution File, Format Version 12.00
# Visual Studio Version 17
VisualStudioVersion = 17.7.34024.191
MinimumVisualStudioVersion = 10.0.40219.1
Project("{FAE04EC0-301F-11D3-BF4B-00C04F79EFBC}") = "text_cast", "text_cast\text_cast.csproj", "{D2112882-CC95-49B8-AE6A-9BD3B1F360F9}"
EndProject
Global
	GlobalSection(SolutionConfigurationPlatforms) = preSolution
		Debug|Any CPU = Debug|Any CPU
		Release|Any CPU = Release|Any CPU
	EndGlobalSection
	GlobalSection(ProjectConfigurationPlatforms) = postSolution
		{D2112882-CC95-49B8-AE6A-9BD3B1F360F9}.Debug|Any CPU.ActiveCfg = Debug|Any CPU
		{D2112882-CC95-49B8-AE6A-9BD3B1F360F9}.Debug|Any CPU.Build.0 = Debug|Any CPU
		{D2112882-CC95-49B8-AE6A-9BD3B1F360F9}.Release|Any CPU.ActiveCfg = Release|Any CPU
		{D2112882-CC95-49B8-AE6A-9BD3B1F360F9}.Release|Any CPU.Build.0 = Release|Any CPU
	EndGlobalSection
	GlobalSection(SolutionProperties) = preSolution
		HideSolutionNode = FALSE
	EndGlobalSection
	GlobalSection(ExtensibilityGlobals) = postSolution
		SolutionGuid = {00985510-54D6-42B6-BEC8-F6D402029702}
	EndGlobalSection
EndGlobal
